
Microsoft Visual Studio Solution File, Format Version 12.00
# Visual Studio Version 17
VisualStudioVersion = 17.5.33516.290
MinimumVisualStudioVersion = 10.0.40219.1
Project("{FAE04EC0-301F-11D3-BF4B-00C04F79EFBC}") = "Asp.NetCore api", "Asp.NetCore api\Asp.NetCore api.csproj", "{C74224C8-0F1D-4150-A5BF-ACD306A58B05}"
EndProject
Global
	GlobalSection(SolutionConfigurationPlatforms) = preSolution
		Debug|Any CPU = Debug|Any CPU
		Release|Any CPU = Release|Any CPU
	EndGlobalSection
	GlobalSection(ProjectConfigurationPlatforms) = postSolution
		{C74224C8-0F1D-4150-A5BF-ACD306A58B05}.Debug|Any CPU.ActiveCfg = Debug|Any CPU
		{C74224C8-0F1D-4150-A5BF-ACD306A58B05}.Debug|Any CPU.Build.0 = Debug|Any CPU
		{C74224C8-0F1D-4150-A5BF-ACD306A58B05}.Release|Any CPU.ActiveCfg = Release|Any CPU
		{C74224C8-0F1D-4150-A5BF-ACD306A58B05}.Release|Any CPU.Build.0 = Release|Any CPU
	EndGlobalSection
	GlobalSection(SolutionProperties) = preSolution
		HideSolutionNode = FALSE
	EndGlobalSection
	GlobalSection(ExtensibilityGlobals) = postSolution
		SolutionGuid = {A2398B22-ED14-4557-88E9-3025B0F1ADFC}
	EndGlobalSection
EndGlobal
